// !$*UTF8*$!
{
	archiveVersion = 1;
	classes = {
	};
	objectVersion = 56;
	objects = {

/* Begin PBXBuildFile section */
		BF58767A2BB1401700988AE5 /* User.swift in Sources */ = {isa = PBXBuildFile; fileRef = BF5876792BB1401700988AE5 /* User.swift */; };
		BF58767C2BB144B500988AE5 /* CurrentUserProfileView.swift in Sources */ = {isa = PBXBuildFile; fileRef = BF58767B2BB144B500988AE5 /* CurrentUserProfileView.swift */; };
		BF58767E2BB148FA00988AE5 /* Post.swift in Sources */ = {isa = PBXBuildFile; fileRef = BF58767D2BB148FA00988AE5 /* Post.swift */; };
		BF5876802BB14C9800988AE5 /* PostGridView.swift in Sources */ = {isa = PBXBuildFile; fileRef = BF58767F2BB14C9800988AE5 /* PostGridView.swift */; };
		BF5876822BB14D5E00988AE5 /* ProfileHeader.swift in Sources */ = {isa = PBXBuildFile; fileRef = BF5876812BB14D5E00988AE5 /* ProfileHeader.swift */; };
		BF5876842BB1645E00988AE5 /* UploadPostView.swift in Sources */ = {isa = PBXBuildFile; fileRef = BF5876832BB1645E00988AE5 /* UploadPostView.swift */; };
		BF5876862BB166CF00988AE5 /* UploadPostViewModel.swift in Sources */ = {isa = PBXBuildFile; fileRef = BF5876852BB166CF00988AE5 /* UploadPostViewModel.swift */; };
		BF5876882BB16E2400988AE5 /* GoogleService-Info.plist in Resources */ = {isa = PBXBuildFile; fileRef = BF5876872BB16E2400988AE5 /* GoogleService-Info.plist */; };
		BF58768B2BB16E7700988AE5 /* FirebaseAuth in Frameworks */ = {isa = PBXBuildFile; productRef = BF58768A2BB16E7700988AE5 /* FirebaseAuth */; };
		BF58768D2BB16E7700988AE5 /* FirebaseFirestore in Frameworks */ = {isa = PBXBuildFile; productRef = BF58768C2BB16E7700988AE5 /* FirebaseFirestore */; };
		BF58768F2BB16E7700988AE5 /* FirebaseFirestoreSwift in Frameworks */ = {isa = PBXBuildFile; productRef = BF58768E2BB16E7700988AE5 /* FirebaseFirestoreSwift */; };
		BF5876912BB16E7700988AE5 /* FirebaseStorage in Frameworks */ = {isa = PBXBuildFile; productRef = BF5876902BB16E7700988AE5 /* FirebaseStorage */; };
		BF914E7F2B9D64AE0001B7FD /* InstagramTutorialApp.swift in Sources */ = {isa = PBXBuildFile; fileRef = BF914E7E2B9D64AE0001B7FD /* InstagramTutorialApp.swift */; };
		BF914E812B9D64AE0001B7FD /* ContentView.swift in Sources */ = {isa = PBXBuildFile; fileRef = BF914E802B9D64AE0001B7FD /* ContentView.swift */; };
		BF914E832B9D64B00001B7FD /* Assets.xcassets in Resources */ = {isa = PBXBuildFile; fileRef = BF914E822B9D64B00001B7FD /* Assets.xcassets */; };
		BF914E862B9D64B00001B7FD /* Preview Assets.xcassets in Resources */ = {isa = PBXBuildFile; fileRef = BF914E852B9D64B00001B7FD /* Preview Assets.xcassets */; };
		BFB5936A2BAD30970058813E /* MainTabView.swift in Sources */ = {isa = PBXBuildFile; fileRef = BFB593692BAD30970058813E /* MainTabView.swift */; };
		BFB5936C2BAD31B80058813E /* ProfileView.swift in Sources */ = {isa = PBXBuildFile; fileRef = BFB5936B2BAD31B80058813E /* ProfileView.swift */; };
		BFB5936F2BAD35F90058813E /* UserStatView.swift in Sources */ = {isa = PBXBuildFile; fileRef = BFB5936E2BAD35F90058813E /* UserStatView.swift */; };
		BFB593712BAD3A2A0058813E /* FeedView.swift in Sources */ = {isa = PBXBuildFile; fileRef = BFB593702BAD3A2A0058813E /* FeedView.swift */; };
		BFB593732BAD3A2F0058813E /* FeedCell.swift in Sources */ = {isa = PBXBuildFile; fileRef = BFB593722BAD3A2F0058813E /* FeedCell.swift */; };
		BFB593752BAD3DEF0058813E /* SearchView.swift in Sources */ = {isa = PBXBuildFile; fileRef = BFB593742BAD3DEF0058813E /* SearchView.swift */; };
		BFB593772BAD3FEB0058813E /* LoginView.swift in Sources */ = {isa = PBXBuildFile; fileRef = BFB593762BAD3FEB0058813E /* LoginView.swift */; };
		BFB593792BAD57A10058813E /* AddEmailView.swift in Sources */ = {isa = PBXBuildFile; fileRef = BFB593782BAD57A10058813E /* AddEmailView.swift */; };
		BFB5937B2BAD59D40058813E /* IGTextFieldModifier.swift in Sources */ = {isa = PBXBuildFile; fileRef = BFB5937A2BAD59D40058813E /* IGTextFieldModifier.swift */; };
		BFB5937D2BAD5AAC0058813E /* CreateUsernameView.swift in Sources */ = {isa = PBXBuildFile; fileRef = BFB5937C2BAD5AAC0058813E /* CreateUsernameView.swift */; };
		BFB5937F2BAD5C040058813E /* CreatePasswordView.swift in Sources */ = {isa = PBXBuildFile; fileRef = BFB5937E2BAD5C040058813E /* CreatePasswordView.swift */; };
		BFB593812BAD5CEF0058813E /* CompleteSignUpView.swift in Sources */ = {isa = PBXBuildFile; fileRef = BFB593802BAD5CEE0058813E /* CompleteSignUpView.swift */; };
/* End PBXBuildFile section */

/* Begin PBXFileReference section */
		BF5876792BB1401700988AE5 /* User.swift */ = {isa = PBXFileReference; lastKnownFileType = sourcecode.swift; path = User.swift; sourceTree = "<group>"; };
		BF58767B2BB144B500988AE5 /* CurrentUserProfileView.swift */ = {isa = PBXFileReference; lastKnownFileType = sourcecode.swift; path = CurrentUserProfileView.swift; sourceTree = "<group>"; };
		BF58767D2BB148FA00988AE5 /* Post.swift */ = {isa = PBXFileReference; lastKnownFileType = sourcecode.swift; path = Post.swift; sourceTree = "<group>"; };
		BF58767F2BB14C9800988AE5 /* PostGridView.swift */ = {isa = PBXFileReference; lastKnownFileType = sourcecode.swift; path = PostGridView.swift; sourceTree = "<group>"; };
		BF5876812BB14D5E00988AE5 /* ProfileHeader.swift */ = {isa = PBXFileReference; lastKnownFileType = sourcecode.swift; path = ProfileHeader.swift; sourceTree = "<group>"; };
		BF5876832BB1645E00988AE5 /* UploadPostView.swift */ = {isa = PBXFileReference; lastKnownFileType = sourcecode.swift; path = UploadPostView.swift; sourceTree = "<group>"; };
		BF5876852BB166CF00988AE5 /* UploadPostViewModel.swift */ = {isa = PBXFileReference; lastKnownFileType = sourcecode.swift; path = UploadPostViewModel.swift; sourceTree = "<group>"; };
		BF5876872BB16E2400988AE5 /* GoogleService-Info.plist */ = {isa = PBXFileReference; fileEncoding = 4; lastKnownFileType = text.plist.xml; path = "GoogleService-Info.plist"; sourceTree = "<group>"; };
		BF914E7B2B9D64AE0001B7FD /* InstagramTutorial.app */ = {isa = PBXFileReference; explicitFileType = wrapper.application; includeInIndex = 0; path = InstagramTutorial.app; sourceTree = BUILT_PRODUCTS_DIR; };
		BF914E7E2B9D64AE0001B7FD /* InstagramTutorialApp.swift */ = {isa = PBXFileReference; lastKnownFileType = sourcecode.swift; path = InstagramTutorialApp.swift; sourceTree = "<group>"; };
		BF914E802B9D64AE0001B7FD /* ContentView.swift */ = {isa = PBXFileReference; lastKnownFileType = sourcecode.swift; path = ContentView.swift; sourceTree = "<group>"; };
		BF914E822B9D64B00001B7FD /* Assets.xcassets */ = {isa = PBXFileReference; lastKnownFileType = folder.assetcatalog; path = Assets.xcassets; sourceTree = "<group>"; };
		BF914E852B9D64B00001B7FD /* Preview Assets.xcassets */ = {isa = PBXFileReference; lastKnownFileType = folder.assetcatalog; path = "Preview Assets.xcassets"; sourceTree = "<group>"; };
		BFB593692BAD30970058813E /* MainTabView.swift */ = {isa = PBXFileReference; lastKnownFileType = sourcecode.swift; path = MainTabView.swift; sourceTree = "<group>"; };
		BFB5936B2BAD31B80058813E /* ProfileView.swift */ = {isa = PBXFileReference; lastKnownFileType = sourcecode.swift; path = ProfileView.swift; sourceTree = "<group>"; };
		BFB5936E2BAD35F90058813E /* UserStatView.swift */ = {isa = PBXFileReference; lastKnownFileType = sourcecode.swift; path = UserStatView.swift; sourceTree = "<group>"; };
		BFB593702BAD3A2A0058813E /* FeedView.swift */ = {isa = PBXFileReference; lastKnownFileType = sourcecode.swift; path = FeedView.swift; sourceTree = "<group>"; };
		BFB593722BAD3A2F0058813E /* FeedCell.swift */ = {isa = PBXFileReference; lastKnownFileType = sourcecode.swift; path = FeedCell.swift; sourceTree = "<group>"; };
		BFB593742BAD3DEF0058813E /* SearchView.swift */ = {isa = PBXFileReference; lastKnownFileType = sourcecode.swift; path = SearchView.swift; sourceTree = "<group>"; };
		BFB593762BAD3FEB0058813E /* LoginView.swift */ = {isa = PBXFileReference; lastKnownFileType = sourcecode.swift; path = LoginView.swift; sourceTree = "<group>"; };
		BFB593782BAD57A10058813E /* AddEmailView.swift */ = {isa = PBXFileReference; lastKnownFileType = sourcecode.swift; path = AddEmailView.swift; sourceTree = "<group>"; };
		BFB5937A2BAD59D40058813E /* IGTextFieldModifier.swift */ = {isa = PBXFileReference; lastKnownFileType = sourcecode.swift; path = IGTextFieldModifier.swift; sourceTree = "<group>"; };
		BFB5937C2BAD5AAC0058813E /* CreateUsernameView.swift */ = {isa = PBXFileReference; lastKnownFileType = sourcecode.swift; path = CreateUsernameView.swift; sourceTree = "<group>"; };
		BFB5937E2BAD5C040058813E /* CreatePasswordView.swift */ = {isa = PBXFileReference; lastKnownFileType = sourcecode.swift; path = CreatePasswordView.swift; sourceTree = "<group>"; };
		BFB593802BAD5CEE0058813E /* CompleteSignUpView.swift */ = {isa = PBXFileReference; lastKnownFileType = sourcecode.swift; path = CompleteSignUpView.swift; sourceTree = "<group>"; };
/* End PBXFileReference section */

/* Begin PBXFrameworksBuildPhase section */
		BF914E782B9D64AE0001B7FD /* Frameworks */ = {
			isa = PBXFrameworksBuildPhase;
			buildActionMask = 2147483647;
			files = (
				BF58768B2BB16E7700988AE5 /* FirebaseAuth in Frameworks */,
				BF5876912BB16E7700988AE5 /* FirebaseStorage in Frameworks */,
				BF58768D2BB16E7700988AE5 /* FirebaseFirestore in Frameworks */,
				BF58768F2BB16E7700988AE5 /* FirebaseFirestoreSwift in Frameworks */,
			);
			runOnlyForDeploymentPostprocessing = 0;
		};
/* End PBXFrameworksBuildPhase section */

/* Begin PBXGroup section */
		BF914E722B9D64AE0001B7FD = {
			isa = PBXGroup;
			children = (
				BF914E7D2B9D64AE0001B7FD /* InstagramTutorial */,
				BF914E7C2B9D64AE0001B7FD /* Products */,
			);
			sourceTree = "<group>";
		};
		BF914E7C2B9D64AE0001B7FD /* Products */ = {
			isa = PBXGroup;
			children = (
				BF914E7B2B9D64AE0001B7FD /* InstagramTutorial.app */,
			);
			name = Products;
			sourceTree = "<group>";
		};
		BF914E7D2B9D64AE0001B7FD /* InstagramTutorial */ = {
			isa = PBXGroup;
			children = (
				BFB593612BAD1DAF0058813E /* App */,
				BFB593602BAD1DAE0058813E /* Core */,
				BFB5935F2BAD1DAC0058813E /* Extensions */,
				BF914E8C2B9D64BB0001B7FD /* Model */,
				BFB5935D2BAD1DA90058813E /* Services */,
				BF914E802B9D64AE0001B7FD /* ContentView.swift */,
				BF5876872BB16E2400988AE5 /* GoogleService-Info.plist */,
				BF914E822B9D64B00001B7FD /* Assets.xcassets */,
				BF914E842B9D64B00001B7FD /* Preview Content */,
			);
			path = InstagramTutorial;
			sourceTree = "<group>";
		};
		BF914E842B9D64B00001B7FD /* Preview Content */ = {
			isa = PBXGroup;
			children = (
				BF914E852B9D64B00001B7FD /* Preview Assets.xcassets */,
			);
			path = "Preview Content";
			sourceTree = "<group>";
		};
		BF914E8C2B9D64BB0001B7FD /* Model */ = {
			isa = PBXGroup;
			children = (
				BF5876792BB1401700988AE5 /* User.swift */,
				BF58767D2BB148FA00988AE5 /* Post.swift */,
			);
			path = Model;
			sourceTree = "<group>";
		};
		BFB5935D2BAD1DA90058813E /* Services */ = {
			isa = PBXGroup;
			children = (
			);
			path = Services;
			sourceTree = "<group>";
		};
		BFB5935F2BAD1DAC0058813E /* Extensions */ = {
			isa = PBXGroup;
			children = (
			);
			path = Extensions;
			sourceTree = "<group>";
		};
		BFB593602BAD1DAE0058813E /* Core */ = {
			isa = PBXGroup;
			children = (
				BFB593622BAD1DF20058813E /* Authentication */,
				BFB5936D2BAD35D90058813E /* Components */,
				BFB593632BAD1DF70058813E /* Feed */,
				BFB593642BAD1DFE0058813E /* Profile */,
				BFB593652BAD1E030058813E /* Root */,
				BFB593662BAD1E0B0058813E /* Search */,
				BFB593672BAD1E260058813E /* TabBar */,
				BFB593682BAD1E2C0058813E /* UploadPost */,
			);
			path = Core;
			sourceTree = "<group>";
		};
		BFB593612BAD1DAF0058813E /* App */ = {
			isa = PBXGroup;
			children = (
				BF914E7E2B9D64AE0001B7FD /* InstagramTutorialApp.swift */,
			);
			path = App;
			sourceTree = "<group>";
		};
		BFB593622BAD1DF20058813E /* Authentication */ = {
			isa = PBXGroup;
			children = (
				BFB593762BAD3FEB0058813E /* LoginView.swift */,
				BFB593782BAD57A10058813E /* AddEmailView.swift */,
				BFB5937E2BAD5C040058813E /* CreatePasswordView.swift */,
				BFB593802BAD5CEE0058813E /* CompleteSignUpView.swift */,
				BFB5937C2BAD5AAC0058813E /* CreateUsernameView.swift */,
			);
			path = Authentication;
			sourceTree = "<group>";
		};
		BFB593632BAD1DF70058813E /* Feed */ = {
			isa = PBXGroup;
			children = (
				BFB593702BAD3A2A0058813E /* FeedView.swift */,
				BFB593722BAD3A2F0058813E /* FeedCell.swift */,
			);
			path = Feed;
			sourceTree = "<group>";
		};
		BFB593642BAD1DFE0058813E /* Profile */ = {
			isa = PBXGroup;
			children = (
				BFB5936B2BAD31B80058813E /* ProfileView.swift */,
				BF58767B2BB144B500988AE5 /* CurrentUserProfileView.swift */,
				BF5876812BB14D5E00988AE5 /* ProfileHeader.swift */,
			);
			path = Profile;
			sourceTree = "<group>";
		};
		BFB593652BAD1E030058813E /* Root */ = {
			isa = PBXGroup;
			children = (
			);
			path = Root;
			sourceTree = "<group>";
		};
		BFB593662BAD1E0B0058813E /* Search */ = {
			isa = PBXGroup;
			children = (
				BFB593742BAD3DEF0058813E /* SearchView.swift */,
			);
			path = Search;
			sourceTree = "<group>";
		};
		BFB593672BAD1E260058813E /* TabBar */ = {
			isa = PBXGroup;
			children = (
				BFB593692BAD30970058813E /* MainTabView.swift */,
			);
			path = TabBar;
			sourceTree = "<group>";
		};
		BFB593682BAD1E2C0058813E /* UploadPost */ = {
			isa = PBXGroup;
			children = (
				BF5876832BB1645E00988AE5 /* UploadPostView.swift */,
				BF5876852BB166CF00988AE5 /* UploadPostViewModel.swift */,
			);
			path = UploadPost;
			sourceTree = "<group>";
		};
		BFB5936D2BAD35D90058813E /* Components */ = {
			isa = PBXGroup;
			children = (
				BFB5936E2BAD35F90058813E /* UserStatView.swift */,
				BFB5937A2BAD59D40058813E /* IGTextFieldModifier.swift */,
				BF58767F2BB14C9800988AE5 /* PostGridView.swift */,
			);
			path = Components;
			sourceTree = "<group>";
		};
/* End PBXGroup section */

/* Begin PBXNativeTarget section */
		BF914E7A2B9D64AE0001B7FD /* InstagramTutorial */ = {
			isa = PBXNativeTarget;
			buildConfigurationList = BF914E892B9D64B00001B7FD /* Build configuration list for PBXNativeTarget "InstagramTutorial" */;
			buildPhases = (
				BF914E772B9D64AE0001B7FD /* Sources */,
				BF914E782B9D64AE0001B7FD /* Frameworks */,
				BF914E792B9D64AE0001B7FD /* Resources */,
			);
			buildRules = (
			);
			dependencies = (
			);
			name = InstagramTutorial;
			packageProductDependencies = (
				BF58768A2BB16E7700988AE5 /* FirebaseAuth */,
				BF58768C2BB16E7700988AE5 /* FirebaseFirestore */,
				BF58768E2BB16E7700988AE5 /* FirebaseFirestoreSwift */,
				BF5876902BB16E7700988AE5 /* FirebaseStorage */,
			);
			productName = InstagramTutorial;
			productReference = BF914E7B2B9D64AE0001B7FD /* InstagramTutorial.app */;
			productType = "com.apple.product-type.application";
		};
/* End PBXNativeTarget section */

/* Begin PBXProject section */
		BF914E732B9D64AE0001B7FD /* Project object */ = {
			isa = PBXProject;
			attributes = {
				BuildIndependentTargetsInParallel = 1;
				LastSwiftUpdateCheck = 1500;
				LastUpgradeCheck = 1500;
				TargetAttributes = {
					BF914E7A2B9D64AE0001B7FD = {
						CreatedOnToolsVersion = 15.0;
					};
				};
			};
			buildConfigurationList = BF914E762B9D64AE0001B7FD /* Build configuration list for PBXProject "InstagramTutorial" */;
			compatibilityVersion = "Xcode 14.0";
			developmentRegion = en;
			hasScannedForEncodings = 0;
			knownRegions = (
				en,
				Base,
			);
			mainGroup = BF914E722B9D64AE0001B7FD;
			packageReferences = (
				BF5876892BB16E7700988AE5 /* XCRemoteSwiftPackageReference "firebase-ios-sdk" */,
			);
			productRefGroup = BF914E7C2B9D64AE0001B7FD /* Products */;
			projectDirPath = "";
			projectRoot = "";
			targets = (
				BF914E7A2B9D64AE0001B7FD /* InstagramTutorial */,
			);
		};
/* End PBXProject section */

/* Begin PBXResourcesBuildPhase section */
		BF914E792B9D64AE0001B7FD /* Resources */ = {
			isa = PBXResourcesBuildPhase;
			buildActionMask = 2147483647;
			files = (
				BF914E862B9D64B00001B7FD /* Preview Assets.xcassets in Resources */,
				BF914E832B9D64B00001B7FD /* Assets.xcassets in Resources */,
				BF5876882BB16E2400988AE5 /* GoogleService-Info.plist in Resources */,
			);
			runOnlyForDeploymentPostprocessing = 0;
		};
/* End PBXResourcesBuildPhase section */

/* Begin PBXSourcesBuildPhase section */
		BF914E772B9D64AE0001B7FD /* Sources */ = {
			isa = PBXSourcesBuildPhase;
			buildActionMask = 2147483647;
			files = (
				BFB593732BAD3A2F0058813E /* FeedCell.swift in Sources */,
				BF5876822BB14D5E00988AE5 /* ProfileHeader.swift in Sources */,
				BFB593792BAD57A10058813E /* AddEmailView.swift in Sources */,
				BFB5936C2BAD31B80058813E /* ProfileView.swift in Sources */,
				BFB593712BAD3A2A0058813E /* FeedView.swift in Sources */,
				BF58767E2BB148FA00988AE5 /* Post.swift in Sources */,
				BFB593772BAD3FEB0058813E /* LoginView.swift in Sources */,
				BF58767C2BB144B500988AE5 /* CurrentUserProfileView.swift in Sources */,
				BF914E812B9D64AE0001B7FD /* ContentView.swift in Sources */,
				BF5876802BB14C9800988AE5 /* PostGridView.swift in Sources */,
				BF5876842BB1645E00988AE5 /* UploadPostView.swift in Sources */,
				BF5876862BB166CF00988AE5 /* UploadPostViewModel.swift in Sources */,
				BFB5937D2BAD5AAC0058813E /* CreateUsernameView.swift in Sources */,
				BFB593812BAD5CEF0058813E /* CompleteSignUpView.swift in Sources */,
				BF58767A2BB1401700988AE5 /* User.swift in Sources */,
				BFB593752BAD3DEF0058813E /* SearchView.swift in Sources */,
				BFB5937B2BAD59D40058813E /* IGTextFieldModifier.swift in Sources */,
				BF914E7F2B9D64AE0001B7FD /* InstagramTutorialApp.swift in Sources */,
				BFB5936F2BAD35F90058813E /* UserStatView.swift in Sources */,
				BFB5936A2BAD30970058813E /* MainTabView.swift in Sources */,
				BFB5937F2BAD5C040058813E /* CreatePasswordView.swift in Sources */,
			);
			runOnlyForDeploymentPostprocessing = 0;
		};
/* End PBXSourcesBuildPhase section */

/* Begin XCBuildConfiguration section */
		BF914E872B9D64B00001B7FD /* Debug */ = {
			isa = XCBuildConfiguration;
			buildSettings = {
				ALWAYS_SEARCH_USER_PATHS = NO;
				ASSETCATALOG_COMPILER_GENERATE_SWIFT_ASSET_SYMBOL_EXTENSIONS = YES;
				CLANG_ANALYZER_NONNULL = YES;
				CLANG_ANALYZER_NUMBER_OBJECT_CONVERSION = YES_AGGRESSIVE;
				CLANG_CXX_LANGUAGE_STANDARD = "gnu++20";
				CLANG_ENABLE_MODULES = YES;
				CLANG_ENABLE_OBJC_ARC = YES;
				CLANG_ENABLE_OBJC_WEAK = YES;
				CLANG_WARN_BLOCK_CAPTURE_AUTORELEASING = YES;
				CLANG_WARN_BOOL_CONVERSION = YES;
				CLANG_WARN_COMMA = YES;
				CLANG_WARN_CONSTANT_CONVERSION = YES;
				CLANG_WARN_DEPRECATED_OBJC_IMPLEMENTATIONS = YES;
				CLANG_WARN_DIRECT_OBJC_ISA_USAGE = YES_ERROR;
				CLANG_WARN_DOCUMENTATION_COMMENTS = YES;
				CLANG_WARN_EMPTY_BODY = YES;
				CLANG_WARN_ENUM_CONVERSION = YES;
				CLANG_WARN_INFINITE_RECURSION = YES;
				CLANG_WARN_INT_CONVERSION = YES;
				CLANG_WARN_NON_LITERAL_NULL_CONVERSION = YES;
				CLANG_WARN_OBJC_IMPLICIT_RETAIN_SELF = YES;
				CLANG_WARN_OBJC_LITERAL_CONVERSION = YES;
				CLANG_WARN_OBJC_ROOT_CLASS = YES_ERROR;
				CLANG_WARN_QUOTED_INCLUDE_IN_FRAMEWORK_HEADER = YES;
				CLANG_WARN_RANGE_LOOP_ANALYSIS = YES;
				CLANG_WARN_STRICT_PROTOTYPES = YES;
				CLANG_WARN_SUSPICIOUS_MOVE = YES;
				CLANG_WARN_UNGUARDED_AVAILABILITY = YES_AGGRESSIVE;
				CLANG_WARN_UNREACHABLE_CODE = YES;
				CLANG_WARN__DUPLICATE_METHOD_MATCH = YES;
				COPY_PHASE_STRIP = NO;
				DEBUG_INFORMATION_FORMAT = dwarf;
				ENABLE_STRICT_OBJC_MSGSEND = YES;
				ENABLE_TESTABILITY = YES;
				ENABLE_USER_SCRIPT_SANDBOXING = YES;
				GCC_C_LANGUAGE_STANDARD = gnu17;
				GCC_DYNAMIC_NO_PIC = NO;
				GCC_NO_COMMON_BLOCKS = YES;
				GCC_OPTIMIZATION_LEVEL = 0;
				GCC_PREPROCESSOR_DEFINITIONS = (
					"DEBUG=1",
					"$(inherited)",
				);
				GCC_WARN_64_TO_32_BIT_CONVERSION = YES;
				GCC_WARN_ABOUT_RETURN_TYPE = YES_ERROR;
				GCC_WARN_UNDECLARED_SELECTOR = YES;
				GCC_WARN_UNINITIALIZED_AUTOS = YES_AGGRESSIVE;
				GCC_WARN_UNUSED_FUNCTION = YES;
				GCC_WARN_UNUSED_VARIABLE = YES;
				IPHONEOS_DEPLOYMENT_TARGET = 17.0;
				LOCALIZATION_PREFERS_STRING_CATALOGS = YES;
				MTL_ENABLE_DEBUG_INFO = INCLUDE_SOURCE;
				MTL_FAST_MATH = YES;
				ONLY_ACTIVE_ARCH = YES;
				SDKROOT = iphoneos;
				SWIFT_ACTIVE_COMPILATION_CONDITIONS = "DEBUG $(inherited)";
				SWIFT_OPTIMIZATION_LEVEL = "-Onone";
			};
			name = Debug;
		};
		BF914E882B9D64B00001B7FD /* Release */ = {
			isa = XCBuildConfiguration;
			buildSettings = {
				ALWAYS_SEARCH_USER_PATHS = NO;
				ASSETCATALOG_COMPILER_GENERATE_SWIFT_ASSET_SYMBOL_EXTENSIONS = YES;
				CLANG_ANALYZER_NONNULL = YES;
				CLANG_ANALYZER_NUMBER_OBJECT_CONVERSION = YES_AGGRESSIVE;
				CLANG_CXX_LANGUAGE_STANDARD = "gnu++20";
				CLANG_ENABLE_MODULES = YES;
				CLANG_ENABLE_OBJC_ARC = YES;
				CLANG_ENABLE_OBJC_WEAK = YES;
				CLANG_WARN_BLOCK_CAPTURE_AUTORELEASING = YES;
				CLANG_WARN_BOOL_CONVERSION = YES;
				CLANG_WARN_COMMA = YES;
				CLANG_WARN_CONSTANT_CONVERSION = YES;
				CLANG_WARN_DEPRECATED_OBJC_IMPLEMENTATIONS = YES;
				CLANG_WARN_DIRECT_OBJC_ISA_USAGE = YES_ERROR;
				CLANG_WARN_DOCUMENTATION_COMMENTS = YES;
				CLANG_WARN_EMPTY_BODY = YES;
				CLANG_WARN_ENUM_CONVERSION = YES;
				CLANG_WARN_INFINITE_RECURSION = YES;
				CLANG_WARN_INT_CONVERSION = YES;
				CLANG_WARN_NON_LITERAL_NULL_CONVERSION = YES;
				CLANG_WARN_OBJC_IMPLICIT_RETAIN_SELF = YES;
				CLANG_WARN_OBJC_LITERAL_CONVERSION = YES;
				CLANG_WARN_OBJC_ROOT_CLASS = YES_ERROR;
				CLANG_WARN_QUOTED_INCLUDE_IN_FRAMEWORK_HEADER = YES;
				CLANG_WARN_RANGE_LOOP_ANALYSIS = YES;
				CLANG_WARN_STRICT_PROTOTYPES = YES;
				CLANG_WARN_SUSPICIOUS_MOVE = YES;
				CLANG_WARN_UNGUARDED_AVAILABILITY = YES_AGGRESSIVE;
				CLANG_WARN_UNREACHABLE_CODE = YES;
				CLANG_WARN__DUPLICATE_METHOD_MATCH = YES;
				COPY_PHASE_STRIP = NO;
				DEBUG_INFORMATION_FORMAT = "dwarf-with-dsym";
				ENABLE_NS_ASSERTIONS = NO;
				ENABLE_STRICT_OBJC_MSGSEND = YES;
				ENABLE_USER_SCRIPT_SANDBOXING = YES;
				GCC_C_LANGUAGE_STANDARD = gnu17;
				GCC_NO_COMMON_BLOCKS = YES;
				GCC_WARN_64_TO_32_BIT_CONVERSION = YES;
				GCC_WARN_ABOUT_RETURN_TYPE = YES_ERROR;
				GCC_WARN_UNDECLARED_SELECTOR = YES;
				GCC_WARN_UNINITIALIZED_AUTOS = YES_AGGRESSIVE;
				GCC_WARN_UNUSED_FUNCTION = YES;
				GCC_WARN_UNUSED_VARIABLE = YES;
				IPHONEOS_DEPLOYMENT_TARGET = 17.0;
				LOCALIZATION_PREFERS_STRING_CATALOGS = YES;
				MTL_ENABLE_DEBUG_INFO = NO;
				MTL_FAST_MATH = YES;
				SDKROOT = iphoneos;
				SWIFT_COMPILATION_MODE = wholemodule;
				VALIDATE_PRODUCT = YES;
			};
			name = Release;
		};
		BF914E8A2B9D64B00001B7FD /* Debug */ = {
			isa = XCBuildConfiguration;
			buildSettings = {
				ASSETCATALOG_COMPILER_APPICON_NAME = AppIcon;
				ASSETCATALOG_COMPILER_GLOBAL_ACCENT_COLOR_NAME = AccentColor;
				CODE_SIGN_STYLE = Automatic;
				CURRENT_PROJECT_VERSION = 1;
				DEVELOPMENT_ASSET_PATHS = "\"InstagramTutorial/Preview Content\"";
				DEVELOPMENT_TEAM = F922WC2HX9;
				ENABLE_PREVIEWS = YES;
				GENERATE_INFOPLIST_FILE = YES;
				INFOPLIST_KEY_UIApplicationSceneManifest_Generation = YES;
				INFOPLIST_KEY_UIApplicationSupportsIndirectInputEvents = YES;
				INFOPLIST_KEY_UILaunchScreen_Generation = YES;
				INFOPLIST_KEY_UISupportedInterfaceOrientations_iPad = "UIInterfaceOrientationPortrait UIInterfaceOrientationPortraitUpsideDown UIInterfaceOrientationLandscapeLeft UIInterfaceOrientationLandscapeRight";
				INFOPLIST_KEY_UISupportedInterfaceOrientations_iPhone = "UIInterfaceOrientationPortrait UIInterfaceOrientationLandscapeLeft UIInterfaceOrientationLandscapeRight";
				LD_RUNPATH_SEARCH_PATHS = (
					"$(inherited)",
					"@executable_path/Frameworks",
				);
				MARKETING_VERSION = 1.0;
				PRODUCT_BUNDLE_IDENTIFIER = dev.dream.InstagramTutorial;
				PRODUCT_NAME = "$(TARGET_NAME)";
				SWIFT_EMIT_LOC_STRINGS = YES;
				SWIFT_VERSION = 5.0;
				TARGETED_DEVICE_FAMILY = "1,2";
			};
			name = Debug;
		};
		BF914E8B2B9D64B00001B7FD /* Release */ = {
			isa = XCBuildConfiguration;
			buildSettings = {
				ASSETCATALOG_COMPILER_APPICON_NAME = AppIcon;
				ASSETCATALOG_COMPILER_GLOBAL_ACCENT_COLOR_NAME = AccentColor;
				CODE_SIGN_STYLE = Automatic;
				CURRENT_PROJECT_VERSION = 1;
				DEVELOPMENT_ASSET_PATHS = "\"InstagramTutorial/Preview Content\"";
				DEVELOPMENT_TEAM = F922WC2HX9;
				ENABLE_PREVIEWS = YES;
				GENERATE_INFOPLIST_FILE = YES;
				INFOPLIST_KEY_UIApplicationSceneManifest_Generation = YES;
				INFOPLIST_KEY_UIApplicationSupportsIndirectInputEvents = YES;
				INFOPLIST_KEY_UILaunchScreen_Generation = YES;
				INFOPLIST_KEY_UISupportedInterfaceOrientations_iPad = "UIInterfaceOrientationPortrait UIInterfaceOrientationPortraitUpsideDown UIInterfaceOrientationLandscapeLeft UIInterfaceOrientationLandscapeRight";
				INFOPLIST_KEY_UISupportedInterfaceOrientations_iPhone = "UIInterfaceOrientationPortrait UIInterfaceOrientationLandscapeLeft UIInterfaceOrientationLandscapeRight";
				LD_RUNPATH_SEARCH_PATHS = (
					"$(inherited)",
					"@executable_path/Frameworks",
				);
				MARKETING_VERSION = 1.0;
				PRODUCT_BUNDLE_IDENTIFIER = dev.dream.InstagramTutorial;
				PRODUCT_NAME = "$(TARGET_NAME)";
				SWIFT_EMIT_LOC_STRINGS = YES;
				SWIFT_VERSION = 5.0;
				TARGETED_DEVICE_FAMILY = "1,2";
			};
			name = Release;
		};
/* End XCBuildConfiguration section */

/* Begin XCConfigurationList section */
		BF914E762B9D64AE0001B7FD /* Build configuration list for PBXProject "InstagramTutorial" */ = {
			isa = XCConfigurationList;
			buildConfigurations = (
				BF914E872B9D64B00001B7FD /* Debug */,
				BF914E882B9D64B00001B7FD /* Release */,
			);
			defaultConfigurationIsVisible = 0;
			defaultConfigurationName = Release;
		};
		BF914E892B9D64B00001B7FD /* Build configuration list for PBXNativeTarget "InstagramTutorial" */ = {
			isa = XCConfigurationList;
			buildConfigurations = (
				BF914E8A2B9D64B00001B7FD /* Debug */,
				BF914E8B2B9D64B00001B7FD /* Release */,
			);
			defaultConfigurationIsVisible = 0;
			defaultConfigurationName = Release;
		};
/* End XCConfigurationList section */

/* Begin XCRemoteSwiftPackageReference section */
		BF5876892BB16E7700988AE5 /* XCRemoteSwiftPackageReference "firebase-ios-sdk" */ = {
			isa = XCRemoteSwiftPackageReference;
			repositoryURL = "https://github.com/firebase/firebase-ios-sdk";
			requirement = {
				kind = upToNextMajorVersion;
				minimumVersion = 10.23.0;
			};
		};
/* End XCRemoteSwiftPackageReference section */

/* Begin XCSwiftPackageProductDependency section */
		BF58768A2BB16E7700988AE5 /* FirebaseAuth */ = {
			isa = XCSwiftPackageProductDependency;
			package = BF5876892BB16E7700988AE5 /* XCRemoteSwiftPackageReference "firebase-ios-sdk" */;
			productName = FirebaseAuth;
		};
		BF58768C2BB16E7700988AE5 /* FirebaseFirestore */ = {
			isa = XCSwiftPackageProductDependency;
			package = BF5876892BB16E7700988AE5 /* XCRemoteSwiftPackageReference "firebase-ios-sdk" */;
			productName = FirebaseFirestore;
		};
		BF58768E2BB16E7700988AE5 /* FirebaseFirestoreSwift */ = {
			isa = XCSwiftPackageProductDependency;
			package = BF5876892BB16E7700988AE5 /* XCRemoteSwiftPackageReference "firebase-ios-sdk" */;
			productName = FirebaseFirestoreSwift;
		};
		BF5876902BB16E7700988AE5 /* FirebaseStorage */ = {
			isa = XCSwiftPackageProductDependency;
			package = BF5876892BB16E7700988AE5 /* XCRemoteSwiftPackageReference "firebase-ios-sdk" */;
			productName = FirebaseStorage;
		};
/* End XCSwiftPackageProductDependency section */
	};
	rootObject = BF914E732B9D64AE0001B7FD /* Project object */;
}
